// !$*UTF8*$!
{
	archiveVersion = 1;
	classes = {
	};
	objectVersion = 56;
	objects = {

/* Begin PBXFileReference section */
		5D74CE3D2A40D4A40000077F /* Veggie_Tales_Form.cpp */ = {isa = PBXFileReference; lastKnownFileType = sourcecode.cpp.cpp; path = Veggie_Tales_Form.cpp; sourceTree = "<group>"; };
		5D9EDE4F2A4A2B1A00BB17A5 /* content.h */ = {isa = PBXFileReference; lastKnownFileType = sourcecode.c.h; path = content.h; sourceTree = "<group>"; };
		5D9EDE512A4B1AF100BB17A5 /* file_reader.h */ = {isa = PBXFileReference; lastKnownFileType = sourcecode.c.h; path = file_reader.h; sourceTree = "<group>"; };
		5D9EDE532A4CA85300BB17A5 /* html_generator.h */ = {isa = PBXFileReference; lastKnownFileType = sourcecode.c.h; path = html_generator.h; sourceTree = "<group>"; };
/* End PBXFileReference section */

/* Begin PBXGroup section */
		5D74CE362A40D4880000077F = {
			isa = PBXGroup;
			children = (
				5D9EDE4F2A4A2B1A00BB17A5 /* content.h */,
				5D74CE3D2A40D4A40000077F /* Veggie_Tales_Form.cpp */,
				5D9EDE532A4CA85300BB17A5 /* html_generator.h */,
				5D9EDE512A4B1AF100BB17A5 /* file_reader.h */,
			);
			sourceTree = "<group>";
		};
/* End PBXGroup section */

/* Begin PBXProject section */
		5D74CE372A40D4880000077F /* Project object */ = {
			isa = PBXProject;
			attributes = {
				BuildIndependentTargetsInParallel = 1;
				LastUpgradeCheck = 1430;
			};
			buildConfigurationList = 5D74CE3A2A40D4880000077F /* Build configuration list for PBXProject "Veggie_Tales_Registration_Form2" */;
			compatibilityVersion = "Xcode 14.0";
			developmentRegion = en;
			hasScannedForEncodings = 0;
			knownRegions = (
				en,
				Base,
			);
			mainGroup = 5D74CE362A40D4880000077F;
			projectDirPath = "";
			projectRoot = "";
			targets = (
			);
		};
/* End PBXProject section */

/* Begin XCBuildConfiguration section */
		5D74CE3B2A40D4880000077F /* Debug */ = {
			isa = XCBuildConfiguration;
			buildSettings = {
				NEW_SETTING = "";
			};
			name = Debug;
		};
		5D74CE3C2A40D4880000077F /* Release */ = {
			isa = XCBuildConfiguration;
			buildSettings = {
				NEW_SETTING = "";
			};
			name = Release;
		};
/* End XCBuildConfiguration section */

/* Begin XCConfigurationList section */
		5D74CE3A2A40D4880000077F /* Build configuration list for PBXProject "Veggie_Tales_Registration_Form2" */ = {
			isa = XCConfigurationList;
			buildConfigurations = (
				5D74CE3B2A40D4880000077F /* Debug */,
				5D74CE3C2A40D4880000077F /* Release */,
			);
			defaultConfigurationIsVisible = 0;
			defaultConfigurationName = Release;
		};
/* End XCConfigurationList section */
	};
	rootObject = 5D74CE372A40D4880000077F /* Project object */;
}
